
Microsoft Visual Studio Solution File, Format Version 12.00
# Visual Studio 2012
Project("{FAE04EC0-301F-11D3-BF4B-00C04F79EFBC}") = "LuciCommunication", "LuciCommunication.csproj", "{4D80A33D-6D76-431F-8E89-6FE72A2C648B}"
EndProject
Project("{FAE04EC0-301F-11D3-BF4B-00C04F79EFBC}") = "TestLuciCommunication", "..\TestLuciCommunication\TestLuciCommunication.csproj", "{3140F721-EA7E-4C44-BDA8-529DDBC791DA}"
EndProject
Global
	GlobalSection(SolutionConfigurationPlatforms) = preSolution
		Debug|Any CPU = Debug|Any CPU
		Release|Any CPU = Release|Any CPU
	EndGlobalSection
	GlobalSection(ProjectConfigurationPlatforms) = postSolution
		{4D80A33D-6D76-431F-8E89-6FE72A2C648B}.Debug|Any CPU.ActiveCfg = Debug|Any CPU
		{4D80A33D-6D76-431F-8E89-6FE72A2C648B}.Debug|Any CPU.Build.0 = Debug|Any CPU
		{4D80A33D-6D76-431F-8E89-6FE72A2C648B}.Release|Any CPU.ActiveCfg = Release|Any CPU
		{4D80A33D-6D76-431F-8E89-6FE72A2C648B}.Release|Any CPU.Build.0 = Release|Any CPU
		{3140F721-EA7E-4C44-BDA8-529DDBC791DA}.Debug|Any CPU.ActiveCfg = Debug|Any CPU
		{3140F721-EA7E-4C44-BDA8-529DDBC791DA}.Debug|Any CPU.Build.0 = Debug|Any CPU
		{3140F721-EA7E-4C44-BDA8-529DDBC791DA}.Release|Any CPU.ActiveCfg = Release|Any CPU
		{3140F721-EA7E-4C44-BDA8-529DDBC791DA}.Release|Any CPU.Build.0 = Release|Any CPU
	EndGlobalSection
	GlobalSection(SolutionProperties) = preSolution
		HideSolutionNode = FALSE
	EndGlobalSection
EndGlobal
